
Microsoft Visual Studio Solution File, Format Version 12.00
# Visual Studio Version 17
VisualStudioVersion = 17.4.33213.308
MinimumVisualStudioVersion = 10.0.40219.1
Project("{FAE04EC0-301F-11D3-BF4B-00C04F79EFBC}") = "listOfDictinaryPgm", "listOfDictinaryPgm\listOfDictinaryPgm.csproj", "{1722EA4A-6DD7-4E48-98BF-7FD99819B561}"
EndProject
Global
	GlobalSection(SolutionConfigurationPlatforms) = preSolution
		Debug|Any CPU = Debug|Any CPU
		Release|Any CPU = Release|Any CPU
	EndGlobalSection
	GlobalSection(ProjectConfigurationPlatforms) = postSolution
		{1722EA4A-6DD7-4E48-98BF-7FD99819B561}.Debug|Any CPU.ActiveCfg = Debug|Any CPU
		{1722EA4A-6DD7-4E48-98BF-7FD99819B561}.Debug|Any CPU.Build.0 = Debug|Any CPU
		{1722EA4A-6DD7-4E48-98BF-7FD99819B561}.Release|Any CPU.ActiveCfg = Release|Any CPU
		{1722EA4A-6DD7-4E48-98BF-7FD99819B561}.Release|Any CPU.Build.0 = Release|Any CPU
	EndGlobalSection
	GlobalSection(SolutionProperties) = preSolution
		HideSolutionNode = FALSE
	EndGlobalSection
	GlobalSection(ExtensibilityGlobals) = postSolution
		SolutionGuid = {8A2E25A3-6792-4209-8E27-CFFB0DC4C4BE}
	EndGlobalSection
EndGlobal
