
Microsoft Visual Studio Solution File, Format Version 12.00
# Visual Studio Version 17
VisualStudioVersion = 17.4.33213.308
MinimumVisualStudioVersion = 10.0.40219.1
Project("{FAE04EC0-301F-11D3-BF4B-00C04F79EFBC}") = "Employeepgm", "Employeepgm\Employeepgm.csproj", "{1B7C8AA8-5CA8-4941-96E5-3F547657ACBD}"
EndProject
Global
	GlobalSection(SolutionConfigurationPlatforms) = preSolution
		Debug|Any CPU = Debug|Any CPU
		Release|Any CPU = Release|Any CPU
	EndGlobalSection
	GlobalSection(ProjectConfigurationPlatforms) = postSolution
		{1B7C8AA8-5CA8-4941-96E5-3F547657ACBD}.Debug|Any CPU.ActiveCfg = Debug|Any CPU
		{1B7C8AA8-5CA8-4941-96E5-3F547657ACBD}.Debug|Any CPU.Build.0 = Debug|Any CPU
		{1B7C8AA8-5CA8-4941-96E5-3F547657ACBD}.Release|Any CPU.ActiveCfg = Release|Any CPU
		{1B7C8AA8-5CA8-4941-96E5-3F547657ACBD}.Release|Any CPU.Build.0 = Release|Any CPU
	EndGlobalSection
	GlobalSection(SolutionProperties) = preSolution
		HideSolutionNode = FALSE
	EndGlobalSection
	GlobalSection(ExtensibilityGlobals) = postSolution
		SolutionGuid = {E1197BC5-4639-464C-B864-AD567B687A62}
	EndGlobalSection
EndGlobal
