
Microsoft Visual Studio Solution File, Format Version 12.00
# Visual Studio Version 17
VisualStudioVersion = 17.4.33213.308
MinimumVisualStudioVersion = 10.0.40219.1
Project("{FAE04EC0-301F-11D3-BF4B-00C04F79EFBC}") = "passegerQue4-alt", "passegerQue4-alt\passegerQue4-alt.csproj", "{87F70A3B-0901-49CA-9E08-220D956E434D}"
EndProject
Global
	GlobalSection(SolutionConfigurationPlatforms) = preSolution
		Debug|Any CPU = Debug|Any CPU
		Release|Any CPU = Release|Any CPU
	EndGlobalSection
	GlobalSection(ProjectConfigurationPlatforms) = postSolution
		{87F70A3B-0901-49CA-9E08-220D956E434D}.Debug|Any CPU.ActiveCfg = Debug|Any CPU
		{87F70A3B-0901-49CA-9E08-220D956E434D}.Debug|Any CPU.Build.0 = Debug|Any CPU
		{87F70A3B-0901-49CA-9E08-220D956E434D}.Release|Any CPU.ActiveCfg = Release|Any CPU
		{87F70A3B-0901-49CA-9E08-220D956E434D}.Release|Any CPU.Build.0 = Release|Any CPU
	EndGlobalSection
	GlobalSection(SolutionProperties) = preSolution
		HideSolutionNode = FALSE
	EndGlobalSection
	GlobalSection(ExtensibilityGlobals) = postSolution
		SolutionGuid = {5D8EB184-0D3F-40A0-AC3C-365F3053775F}
	EndGlobalSection
EndGlobal
